
Microsoft Visual Studio Solution File, Format Version 12.00
# Visual Studio 15
VisualStudioVersion = 15.0.27428.2002
MinimumVisualStudioVersion = 10.0.40219.1
Project("{9A19103F-16F7-4668-BE54-9A1E7A4F7556}") = "ClientCredentialApi", "ClientCredentialApi.csproj", "{631412B2-85DA-4CC4-B0B5-9349C8A75E9A}"
EndProject
Global
	GlobalSection(SolutionConfigurationPlatforms) = preSolution
		Debug|Any CPU = Debug|Any CPU
		Release|Any CPU = Release|Any CPU
	EndGlobalSection
	GlobalSection(ProjectConfigurationPlatforms) = postSolution
		{631412B2-85DA-4CC4-B0B5-9349C8A75E9A}.Debug|Any CPU.ActiveCfg = Debug|Any CPU
		{631412B2-85DA-4CC4-B0B5-9349C8A75E9A}.Debug|Any CPU.Build.0 = Debug|Any CPU
		{631412B2-85DA-4CC4-B0B5-9349C8A75E9A}.Release|Any CPU.ActiveCfg = Release|Any CPU
		{631412B2-85DA-4CC4-B0B5-9349C8A75E9A}.Release|Any CPU.Build.0 = Release|Any CPU
	EndGlobalSection
	GlobalSection(SolutionProperties) = preSolution
		HideSolutionNode = FALSE
	EndGlobalSection
	GlobalSection(ExtensibilityGlobals) = postSolution
		SolutionGuid = {E27AC4A4-A4AD-4504-BC4D-076DA0ECD01F}
	EndGlobalSection
EndGlobal
