
Microsoft Visual Studio Solution File, Format Version 12.00
# Visual Studio 15
VisualStudioVersion = 15.0.27428.2002
MinimumVisualStudioVersion = 10.0.40219.1
Project("{9A19103F-16F7-4668-BE54-9A1E7A4F7556}") = "MvcCookieAuthSample", "MvcCookieAuthSample.csproj", "{A677575C-547A-43FB-8436-7DEA4C0A0432}"
EndProject
Global
	GlobalSection(SolutionConfigurationPlatforms) = preSolution
		Debug|Any CPU = Debug|Any CPU
		Release|Any CPU = Release|Any CPU
	EndGlobalSection
	GlobalSection(ProjectConfigurationPlatforms) = postSolution
		{A677575C-547A-43FB-8436-7DEA4C0A0432}.Debug|Any CPU.ActiveCfg = Debug|Any CPU
		{A677575C-547A-43FB-8436-7DEA4C0A0432}.Debug|Any CPU.Build.0 = Debug|Any CPU
		{A677575C-547A-43FB-8436-7DEA4C0A0432}.Release|Any CPU.ActiveCfg = Release|Any CPU
		{A677575C-547A-43FB-8436-7DEA4C0A0432}.Release|Any CPU.Build.0 = Release|Any CPU
	EndGlobalSection
	GlobalSection(SolutionProperties) = preSolution
		HideSolutionNode = FALSE
	EndGlobalSection
	GlobalSection(ExtensibilityGlobals) = postSolution
		SolutionGuid = {8C02EFC8-0EC9-4282-9FF5-9248C7012BDC}
	EndGlobalSection
EndGlobal
